// !$*UTF8*$!
{
	archiveVersion = 1;
	classes = {
	};
	objectVersion = 46;
	objects = {

/* Begin PBXBuildFile section */
		E65AC3BB1EEF9002005DA358 /* main.m in Sources */ = {isa = PBXBuildFile; fileRef = E65AC3BA1EEF9002005DA358 /* main.m */; };
		E65AC3BE1EEF9002005DA358 /* AppDelegate.m in Sources */ = {isa = PBXBuildFile; fileRef = E65AC3BD1EEF9002005DA358 /* AppDelegate.m */; };
		E65AC3C11EEF9002005DA358 /* ViewController.m in Sources */ = {isa = PBXBuildFile; fileRef = E65AC3C01EEF9002005DA358 /* ViewController.m */; };
		E65AC3C41EEF9002005DA358 /* Main.storyboard in Resources */ = {isa = PBXBuildFile; fileRef = E65AC3C21EEF9002005DA358 /* Main.storyboard */; };
		E65AC3C61EEF9002005DA358 /* Assets.xcassets in Resources */ = {isa = PBXBuildFile; fileRef = E65AC3C51EEF9002005DA358 /* Assets.xcassets */; };
		E65AC3C91EEF9002005DA358 /* LaunchScreen.storyboard in Resources */ = {isa = PBXBuildFile; fileRef = E65AC3C71EEF9002005DA358 /* LaunchScreen.storyboard */; };
		E65AC3D41EEF9002005DA358 /* SFDanmakuDemoTests.m in Sources */ = {isa = PBXBuildFile; fileRef = E65AC3D31EEF9002005DA358 /* SFDanmakuDemoTests.m */; };
		E65AC3DF1EEF9002005DA358 /* SFDanmakuDemoUITests.m in Sources */ = {isa = PBXBuildFile; fileRef = E65AC3DE1EEF9002005DA358 /* SFDanmakuDemoUITests.m */; };
		E65AC3F11EEF93B2005DA358 /* SFBaseDanmukuView.m in Sources */ = {isa = PBXBuildFile; fileRef = E65AC3F01EEF93B2005DA358 /* SFBaseDanmukuView.m */; };
		E65AC3F41EEF948D005DA358 /* SFDanmakuReuseFunction.m in Sources */ = {isa = PBXBuildFile; fileRef = E65AC3F31EEF948D005DA358 /* SFDanmakuReuseFunction.m */; };
		E65AC3F71EEF9B11005DA358 /* SFDanmakuInitFunction.m in Sources */ = {isa = PBXBuildFile; fileRef = E65AC3F61EEF9B11005DA358 /* SFDanmakuInitFunction.m */; };
		E65AC3FA1EEFC927005DA358 /* SFDanMuFunction.m in Sources */ = {isa = PBXBuildFile; fileRef = E65AC3F91EEFC927005DA358 /* SFDanMuFunction.m */; };
/* End PBXBuildFile section */

/* Begin PBXContainerItemProxy section */
		E65AC3D01EEF9002005DA358 /* PBXContainerItemProxy */ = {
			isa = PBXContainerItemProxy;
			containerPortal = E65AC3AE1EEF9002005DA358 /* Project object */;
			proxyType = 1;
			remoteGlobalIDString = E65AC3B51EEF9002005DA358;
			remoteInfo = SFDanmakuDemo;
		};
		E65AC3DB1EEF9002005DA358 /* PBXContainerItemProxy */ = {
			isa = PBXContainerItemProxy;
			containerPortal = E65AC3AE1EEF9002005DA358 /* Project object */;
			proxyType = 1;
			remoteGlobalIDString = E65AC3B51EEF9002005DA358;
			remoteInfo = SFDanmakuDemo;
		};
/* End PBXContainerItemProxy section */

/* Begin PBXFileReference section */
		E65AC3B61EEF9002005DA358 /* SFDanmakuDemo.app */ = {isa = PBXFileReference; explicitFileType = wrapper.application; includeInIndex = 0; path = SFDanmakuDemo.app; sourceTree = BUILT_PRODUCTS_DIR; };
		E65AC3BA1EEF9002005DA358 /* main.m */ = {isa = PBXFileReference; lastKnownFileType = sourcecode.c.objc; path = main.m; sourceTree = "<group>"; };
		E65AC3BC1EEF9002005DA358 /* AppDelegate.h */ = {isa = PBXFileReference; lastKnownFileType = sourcecode.c.h; path = AppDelegate.h; sourceTree = "<group>"; };
		E65AC3BD1EEF9002005DA358 /* AppDelegate.m */ = {isa = PBXFileReference; lastKnownFileType = sourcecode.c.objc; path = AppDelegate.m; sourceTree = "<group>"; };
		E65AC3BF1EEF9002005DA358 /* ViewController.h */ = {isa = PBXFileReference; lastKnownFileType = sourcecode.c.h; path = ViewController.h; sourceTree = "<group>"; };
		E65AC3C01EEF9002005DA358 /* ViewController.m */ = {isa = PBXFileReference; lastKnownFileType = sourcecode.c.objc; path = ViewController.m; sourceTree = "<group>"; };
		E65AC3C31EEF9002005DA358 /* Base */ = {isa = PBXFileReference; lastKnownFileType = file.storyboard; name = Base; path = Base.lproj/Main.storyboard; sourceTree = "<group>"; };
		E65AC3C51EEF9002005DA358 /* Assets.xcassets */ = {isa = PBXFileReference; lastKnownFileType = folder.assetcatalog; path = Assets.xcassets; sourceTree = "<group>"; };
		E65AC3C81EEF9002005DA358 /* Base */ = {isa = PBXFileReference; lastKnownFileType = file.storyboard; name = Base; path = Base.lproj/LaunchScreen.storyboard; sourceTree = "<group>"; };
		E65AC3CA1EEF9002005DA358 /* Info.plist */ = {isa = PBXFileReference; lastKnownFileType = text.plist.xml; path = Info.plist; sourceTree = "<group>"; };
		E65AC3CF1EEF9002005DA358 /* SFDanmakuDemoTests.xctest */ = {isa = PBXFileReference; explicitFileType = wrapper.cfbundle; includeInIndex = 0; path = SFDanmakuDemoTests.xctest; sourceTree = BUILT_PRODUCTS_DIR; };
		E65AC3D31EEF9002005DA358 /* SFDanmakuDemoTests.m */ = {isa = PBXFileReference; lastKnownFileType = sourcecode.c.objc; path = SFDanmakuDemoTests.m; sourceTree = "<group>"; };
		E65AC3D51EEF9002005DA358 /* Info.plist */ = {isa = PBXFileReference; lastKnownFileType = text.plist.xml; path = Info.plist; sourceTree = "<group>"; };
		E65AC3DA1EEF9002005DA358 /* SFDanmakuDemoUITests.xctest */ = {isa = PBXFileReference; explicitFileType = wrapper.cfbundle; includeInIndex = 0; path = SFDanmakuDemoUITests.xctest; sourceTree = BUILT_PRODUCTS_DIR; };
		E65AC3DE1EEF9002005DA358 /* SFDanmakuDemoUITests.m */ = {isa = PBXFileReference; lastKnownFileType = sourcecode.c.objc; path = SFDanmakuDemoUITests.m; sourceTree = "<group>"; };
		E65AC3E01EEF9002005DA358 /* Info.plist */ = {isa = PBXFileReference; lastKnownFileType = text.plist.xml; path = Info.plist; sourceTree = "<group>"; };
		E65AC3EF1EEF93B2005DA358 /* SFBaseDanmukuView.h */ = {isa = PBXFileReference; fileEncoding = 4; lastKnownFileType = sourcecode.c.h; path = SFBaseDanmukuView.h; sourceTree = "<group>"; };
		E65AC3F01EEF93B2005DA358 /* SFBaseDanmukuView.m */ = {isa = PBXFileReference; fileEncoding = 4; lastKnownFileType = sourcecode.c.objc; path = SFBaseDanmukuView.m; sourceTree = "<group>"; };
		E65AC3F21EEF948D005DA358 /* SFDanmakuReuseFunction.h */ = {isa = PBXFileReference; fileEncoding = 4; lastKnownFileType = sourcecode.c.h; path = SFDanmakuReuseFunction.h; sourceTree = "<group>"; };
		E65AC3F31EEF948D005DA358 /* SFDanmakuReuseFunction.m */ = {isa = PBXFileReference; fileEncoding = 4; lastKnownFileType = sourcecode.c.objc; path = SFDanmakuReuseFunction.m; sourceTree = "<group>"; };
		E65AC3F51EEF9B11005DA358 /* SFDanmakuInitFunction.h */ = {isa = PBXFileReference; fileEncoding = 4; lastKnownFileType = sourcecode.c.h; path = SFDanmakuInitFunction.h; sourceTree = "<group>"; };
		E65AC3F61EEF9B11005DA358 /* SFDanmakuInitFunction.m */ = {isa = PBXFileReference; fileEncoding = 4; lastKnownFileType = sourcecode.c.objc; path = SFDanmakuInitFunction.m; sourceTree = "<group>"; };
		E65AC3F81EEFC927005DA358 /* SFDanMuFunction.h */ = {isa = PBXFileReference; fileEncoding = 4; lastKnownFileType = sourcecode.c.h; path = SFDanMuFunction.h; sourceTree = "<group>"; };
		E65AC3F91EEFC927005DA358 /* SFDanMuFunction.m */ = {isa = PBXFileReference; fileEncoding = 4; lastKnownFileType = sourcecode.c.objc; path = SFDanMuFunction.m; sourceTree = "<group>"; };
		E65AC4451EF118B7005DA358 /* SFDanmakuHelper.h */ = {isa = PBXFileReference; lastKnownFileType = sourcecode.c.h; path = SFDanmakuHelper.h; sourceTree = "<group>"; };
/* End PBXFileReference section */

/* Begin PBXFrameworksBuildPhase section */
		E65AC3B31EEF9002005DA358 /* Frameworks */ = {
			isa = PBXFrameworksBuildPhase;
			buildActionMask = 2147483647;
			files = (
			);
			runOnlyForDeploymentPostprocessing = 0;
		};
		E65AC3CC1EEF9002005DA358 /* Frameworks */ = {
			isa = PBXFrameworksBuildPhase;
			buildActionMask = 2147483647;
			files = (
			);
			runOnlyForDeploymentPostprocessing = 0;
		};
		E65AC3D71EEF9002005DA358 /* Frameworks */ = {
			isa = PBXFrameworksBuildPhase;
			buildActionMask = 2147483647;
			files = (
			);
			runOnlyForDeploymentPostprocessing = 0;
		};
/* End PBXFrameworksBuildPhase section */

/* Begin PBXGroup section */
		E65AC3AD1EEF9002005DA358 = {
			isa = PBXGroup;
			children = (
				E65AC3B81EEF9002005DA358 /* SFDanmakuDemo */,
				E65AC3D21EEF9002005DA358 /* SFDanmakuDemoTests */,
				E65AC3DD1EEF9002005DA358 /* SFDanmakuDemoUITests */,
				E65AC3B71EEF9002005DA358 /* Products */,
			);
			sourceTree = "<group>";
		};
		E65AC3B71EEF9002005DA358 /* Products */ = {
			isa = PBXGroup;
			children = (
				E65AC3B61EEF9002005DA358 /* SFDanmakuDemo.app */,
				E65AC3CF1EEF9002005DA358 /* SFDanmakuDemoTests.xctest */,
				E65AC3DA1EEF9002005DA358 /* SFDanmakuDemoUITests.xctest */,
			);
			name = Products;
			sourceTree = "<group>";
		};
		E65AC3B81EEF9002005DA358 /* SFDanmakuDemo */ = {
			isa = PBXGroup;
			children = (
				E65AC3BC1EEF9002005DA358 /* AppDelegate.h */,
				E65AC3BD1EEF9002005DA358 /* AppDelegate.m */,
				E65AC3BF1EEF9002005DA358 /* ViewController.h */,
				E65AC3C01EEF9002005DA358 /* ViewController.m */,
				E65AC3C21EEF9002005DA358 /* Main.storyboard */,
				E65AC3EC1EEF9383005DA358 /* SFDanmuku */,
				E65AC3C51EEF9002005DA358 /* Assets.xcassets */,
				E65AC3C71EEF9002005DA358 /* LaunchScreen.storyboard */,
				E65AC3CA1EEF9002005DA358 /* Info.plist */,
				E65AC3B91EEF9002005DA358 /* Supporting Files */,
			);
			path = SFDanmakuDemo;
			sourceTree = "<group>";
		};
		E65AC3B91EEF9002005DA358 /* Supporting Files */ = {
			isa = PBXGroup;
			children = (
				E65AC3BA1EEF9002005DA358 /* main.m */,
			);
			name = "Supporting Files";
			sourceTree = "<group>";
		};
		E65AC3D21EEF9002005DA358 /* SFDanmakuDemoTests */ = {
			isa = PBXGroup;
			children = (
				E65AC3D31EEF9002005DA358 /* SFDanmakuDemoTests.m */,
				E65AC3D51EEF9002005DA358 /* Info.plist */,
			);
			path = SFDanmakuDemoTests;
			sourceTree = "<group>";
		};
		E65AC3DD1EEF9002005DA358 /* SFDanmakuDemoUITests */ = {
			isa = PBXGroup;
			children = (
				E65AC3DE1EEF9002005DA358 /* SFDanmakuDemoUITests.m */,
				E65AC3E01EEF9002005DA358 /* Info.plist */,
			);
			path = SFDanmakuDemoUITests;
			sourceTree = "<group>";
		};
		E65AC3EC1EEF9383005DA358 /* SFDanmuku */ = {
			isa = PBXGroup;
			children = (
				E65AC3ED1EEF9383005DA358 /* base */,
				E65AC3EE1EEF9383005DA358 /* function */,
				E65AC4441EF1189A005DA358 /* helper */,
			);
			path = SFDanmuku;
			sourceTree = "<group>";
		};
		E65AC3ED1EEF9383005DA358 /* base */ = {
			isa = PBXGroup;
			children = (
				E65AC3EF1EEF93B2005DA358 /* SFBaseDanmukuView.h */,
				E65AC3F01EEF93B2005DA358 /* SFBaseDanmukuView.m */,
			);
			path = base;
			sourceTree = "<group>";
		};
		E65AC3EE1EEF9383005DA358 /* function */ = {
			isa = PBXGroup;
			children = (
				E65AC3F81EEFC927005DA358 /* SFDanMuFunction.h */,
				E65AC3F91EEFC927005DA358 /* SFDanMuFunction.m */,
				E65AC3F21EEF948D005DA358 /* SFDanmakuReuseFunction.h */,
				E65AC3F31EEF948D005DA358 /* SFDanmakuReuseFunction.m */,
				E65AC3F51EEF9B11005DA358 /* SFDanmakuInitFunction.h */,
				E65AC3F61EEF9B11005DA358 /* SFDanmakuInitFunction.m */,
			);
			path = function;
			sourceTree = "<group>";
		};
		E65AC4441EF1189A005DA358 /* helper */ = {
			isa = PBXGroup;
			children = (
				E65AC4451EF118B7005DA358 /* SFDanmakuHelper.h */,
			);
			path = helper;
			sourceTree = "<group>";
		};
/* End PBXGroup section */

/* Begin PBXNativeTarget section */
		E65AC3B51EEF9002005DA358 /* SFDanmakuDemo */ = {
			isa = PBXNativeTarget;
			buildConfigurationList = E65AC3E31EEF9002005DA358 /* Build configuration list for PBXNativeTarget "SFDanmakuDemo" */;
			buildPhases = (
				E65AC3B21EEF9002005DA358 /* Sources */,
				E65AC3B31EEF9002005DA358 /* Frameworks */,
				E65AC3B41EEF9002005DA358 /* Resources */,
			);
			buildRules = (
			);
			dependencies = (
			);
			name = SFDanmakuDemo;
			productName = SFDanmakuDemo;
			productReference = E65AC3B61EEF9002005DA358 /* SFDanmakuDemo.app */;
			productType = "com.apple.product-type.application";
		};
		E65AC3CE1EEF9002005DA358 /* SFDanmakuDemoTests */ = {
			isa = PBXNativeTarget;
			buildConfigurationList = E65AC3E61EEF9002005DA358 /* Build configuration list for PBXNativeTarget "SFDanmakuDemoTests" */;
			buildPhases = (
				E65AC3CB1EEF9002005DA358 /* Sources */,
				E65AC3CC1EEF9002005DA358 /* Frameworks */,
				E65AC3CD1EEF9002005DA358 /* Resources */,
			);
			buildRules = (
			);
			dependencies = (
				E65AC3D11EEF9002005DA358 /* PBXTargetDependency */,
			);
			name = SFDanmakuDemoTests;
			productName = SFDanmakuDemoTests;
			productReference = E65AC3CF1EEF9002005DA358 /* SFDanmakuDemoTests.xctest */;
			productType = "com.apple.product-type.bundle.unit-test";
		};
		E65AC3D91EEF9002005DA358 /* SFDanmakuDemoUITests */ = {
			isa = PBXNativeTarget;
			buildConfigurationList = E65AC3E91EEF9002005DA358 /* Build configuration list for PBXNativeTarget "SFDanmakuDemoUITests" */;
			buildPhases = (
				E65AC3D61EEF9002005DA358 /* Sources */,
				E65AC3D71EEF9002005DA358 /* Frameworks */,
				E65AC3D81EEF9002005DA358 /* Resources */,
			);
			buildRules = (
			);
			dependencies = (
				E65AC3DC1EEF9002005DA358 /* PBXTargetDependency */,
			);
			name = SFDanmakuDemoUITests;
			productName = SFDanmakuDemoUITests;
			productReference = E65AC3DA1EEF9002005DA358 /* SFDanmakuDemoUITests.xctest */;
			productType = "com.apple.product-type.bundle.ui-testing";
		};
/* End PBXNativeTarget section */

/* Begin PBXProject section */
		E65AC3AE1EEF9002005DA358 /* Project object */ = {
			isa = PBXProject;
			attributes = {
				CLASSPREFIX = SF;
				LastUpgradeCheck = 0830;
				ORGANIZATIONNAME = lsf;
				TargetAttributes = {
					E65AC3B51EEF9002005DA358 = {
						CreatedOnToolsVersion = 8.3.3;
						ProvisioningStyle = Automatic;
					};
					E65AC3CE1EEF9002005DA358 = {
						CreatedOnToolsVersion = 8.3.3;
						ProvisioningStyle = Automatic;
						TestTargetID = E65AC3B51EEF9002005DA358;
					};
					E65AC3D91EEF9002005DA358 = {
						CreatedOnToolsVersion = 8.3.3;
						ProvisioningStyle = Automatic;
						TestTargetID = E65AC3B51EEF9002005DA358;
					};
				};
			};
			buildConfigurationList = E65AC3B11EEF9002005DA358 /* Build configuration list for PBXProject "SFDanmakuDemo" */;
			compatibilityVersion = "Xcode 3.2";
			developmentRegion = English;
			hasScannedForEncodings = 0;
			knownRegions = (
				en,
				Base,
			);
			mainGroup = E65AC3AD1EEF9002005DA358;
			productRefGroup = E65AC3B71EEF9002005DA358 /* Products */;
			projectDirPath = "";
			projectRoot = "";
			targets = (
				E65AC3B51EEF9002005DA358 /* SFDanmakuDemo */,
				E65AC3CE1EEF9002005DA358 /* SFDanmakuDemoTests */,
				E65AC3D91EEF9002005DA358 /* SFDanmakuDemoUITests */,
			);
		};
/* End PBXProject section */

/* Begin PBXResourcesBuildPhase section */
		E65AC3B41EEF9002005DA358 /* Resources */ = {
			isa = PBXResourcesBuildPhase;
			buildActionMask = 2147483647;
			files = (
				E65AC3C91EEF9002005DA358 /* LaunchScreen.storyboard in Resources */,
				E65AC3C61EEF9002005DA358 /* Assets.xcassets in Resources */,
				E65AC3C41EEF9002005DA358 /* Main.storyboard in Resources */,
			);
			runOnlyForDeploymentPostprocessing = 0;
		};
		E65AC3CD1EEF9002005DA358 /* Resources */ = {
			isa = PBXResourcesBuildPhase;
			buildActionMask = 2147483647;
			files = (
			);
			runOnlyForDeploymentPostprocessing = 0;
		};
		E65AC3D81EEF9002005DA358 /* Resources */ = {
			isa = PBXResourcesBuildPhase;
			buildActionMask = 2147483647;
			files = (
			);
			runOnlyForDeploymentPostprocessing = 0;
		};
/* End PBXResourcesBuildPhase section */

/* Begin PBXSourcesBuildPhase section */
		E65AC3B21EEF9002005DA358 /* Sources */ = {
			isa = PBXSourcesBuildPhase;
			buildActionMask = 2147483647;
			files = (
				E65AC3F71EEF9B11005DA358 /* SFDanmakuInitFunction.m in Sources */,
				E65AC3C11EEF9002005DA358 /* ViewController.m in Sources */,
				E65AC3F41EEF948D005DA358 /* SFDanmakuReuseFunction.m in Sources */,
				E65AC3BE1EEF9002005DA358 /* AppDelegate.m in Sources */,
				E65AC3F11EEF93B2005DA358 /* SFBaseDanmukuView.m in Sources */,
				E65AC3BB1EEF9002005DA358 /* main.m in Sources */,
				E65AC3FA1EEFC927005DA358 /* SFDanMuFunction.m in Sources */,
			);
			runOnlyForDeploymentPostprocessing = 0;
		};
		E65AC3CB1EEF9002005DA358 /* Sources */ = {
			isa = PBXSourcesBuildPhase;
			buildActionMask = 2147483647;
			files = (
				E65AC3D41EEF9002005DA358 /* SFDanmakuDemoTests.m in Sources */,
			);
			runOnlyForDeploymentPostprocessing = 0;
		};
		E65AC3D61EEF9002005DA358 /* Sources */ = {
			isa = PBXSourcesBuildPhase;
			buildActionMask = 2147483647;
			files = (
				E65AC3DF1EEF9002005DA358 /* SFDanmakuDemoUITests.m in Sources */,
			);
			runOnlyForDeploymentPostprocessing = 0;
		};
/* End PBXSourcesBuildPhase section */

/* Begin PBXTargetDependency section */
		E65AC3D11EEF9002005DA358 /* PBXTargetDependency */ = {
			isa = PBXTargetDependency;
			target = E65AC3B51EEF9002005DA358 /* SFDanmakuDemo */;
			targetProxy = E65AC3D01EEF9002005DA358 /* PBXContainerItemProxy */;
		};
		E65AC3DC1EEF9002005DA358 /* PBXTargetDependency */ = {
			isa = PBXTargetDependency;
			target = E65AC3B51EEF9002005DA358 /* SFDanmakuDemo */;
			targetProxy = E65AC3DB1EEF9002005DA358 /* PBXContainerItemProxy */;
		};
/* End PBXTargetDependency section */

/* Begin PBXVariantGroup section */
		E65AC3C21EEF9002005DA358 /* Main.storyboard */ = {
			isa = PBXVariantGroup;
			children = (
				E65AC3C31EEF9002005DA358 /* Base */,
			);
			name = Main.storyboard;
			sourceTree = "<group>";
		};
		E65AC3C71EEF9002005DA358 /* LaunchScreen.storyboard */ = {
			isa = PBXVariantGroup;
			children = (
				E65AC3C81EEF9002005DA358 /* Base */,
			);
			name = LaunchScreen.storyboard;
			sourceTree = "<group>";
		};
/* End PBXVariantGroup section */

/* Begin XCBuildConfiguration section */
		E65AC3E11EEF9002005DA358 /* Debug */ = {
			isa = XCBuildConfiguration;
			buildSettings = {
				ALWAYS_SEARCH_USER_PATHS = NO;
				CLANG_ANALYZER_NONNULL = YES;
				CLANG_ANALYZER_NUMBER_OBJECT_CONVERSION = YES_AGGRESSIVE;
				CLANG_CXX_LANGUAGE_STANDARD = "gnu++0x";
				CLANG_CXX_LIBRARY = "libc++";
				CLANG_ENABLE_MODULES = YES;
				CLANG_ENABLE_OBJC_ARC = YES;
				CLANG_WARN_BOOL_CONVERSION = YES;
				CLANG_WARN_CONSTANT_CONVERSION = YES;
				CLANG_WARN_DIRECT_OBJC_ISA_USAGE = YES_ERROR;
				CLANG_WARN_DOCUMENTATION_COMMENTS = YES;
				CLANG_WARN_EMPTY_BODY = YES;
				CLANG_WARN_ENUM_CONVERSION = YES;
				CLANG_WARN_INFINITE_RECURSION = YES;
				CLANG_WARN_INT_CONVERSION = YES;
				CLANG_WARN_OBJC_ROOT_CLASS = YES_ERROR;
				CLANG_WARN_SUSPICIOUS_MOVE = YES;
				CLANG_WARN_UNREACHABLE_CODE = YES;
				CLANG_WARN__DUPLICATE_METHOD_MATCH = YES;
				"CODE_SIGN_IDENTITY[sdk=iphoneos*]" = "iPhone Developer";
				COPY_PHASE_STRIP = NO;
				DEBUG_INFORMATION_FORMAT = dwarf;
				ENABLE_STRICT_OBJC_MSGSEND = YES;
				ENABLE_TESTABILITY = YES;
				GCC_C_LANGUAGE_STANDARD = gnu99;
				GCC_DYNAMIC_NO_PIC = NO;
				GCC_NO_COMMON_BLOCKS = YES;
				GCC_OPTIMIZATION_LEVEL = 0;
				GCC_PREPROCESSOR_DEFINITIONS = (
					"DEBUG=1",
					"$(inherited)",
				);
				GCC_WARN_64_TO_32_BIT_CONVERSION = YES;
				GCC_WARN_ABOUT_RETURN_TYPE = YES_ERROR;
				GCC_WARN_UNDECLARED_SELECTOR = YES;
				GCC_WARN_UNINITIALIZED_AUTOS = YES_AGGRESSIVE;
				GCC_WARN_UNUSED_FUNCTION = YES;
				GCC_WARN_UNUSED_VARIABLE = YES;
				IPHONEOS_DEPLOYMENT_TARGET = 10.3;
				MTL_ENABLE_DEBUG_INFO = YES;
				ONLY_ACTIVE_ARCH = YES;
				SDKROOT = iphoneos;
				TARGETED_DEVICE_FAMILY = "1,2";
			};
			name = Debug;
		};
		E65AC3E21EEF9002005DA358 /* Release */ = {
			isa = XCBuildConfiguration;
			buildSettings = {
				ALWAYS_SEARCH_USER_PATHS = NO;
				CLANG_ANALYZER_NONNULL = YES;
				CLANG_ANALYZER_NUMBER_OBJECT_CONVERSION = YES_AGGRESSIVE;
				CLANG_CXX_LANGUAGE_STANDARD = "gnu++0x";
				CLANG_CXX_LIBRARY = "libc++";
				CLANG_ENABLE_MODULES = YES;
				CLANG_ENABLE_OBJC_ARC = YES;
				CLANG_WARN_BOOL_CONVERSION = YES;
				CLANG_WARN_CONSTANT_CONVERSION = YES;
				CLANG_WARN_DIRECT_OBJC_ISA_USAGE = YES_ERROR;
				CLANG_WARN_DOCUMENTATION_COMMENTS = YES;
				CLANG_WARN_EMPTY_BODY = YES;
				CLANG_WARN_ENUM_CONVERSION = YES;
				CLANG_WARN_INFINITE_RECURSION = YES;
				CLANG_WARN_INT_CONVERSION = YES;
				CLANG_WARN_OBJC_ROOT_CLASS = YES_ERROR;
				CLANG_WARN_SUSPICIOUS_MOVE = YES;
				CLANG_WARN_UNREACHABLE_CODE = YES;
				CLANG_WARN__DUPLICATE_METHOD_MATCH = YES;
				"CODE_SIGN_IDENTITY[sdk=iphoneos*]" = "iPhone Developer";
				COPY_PHASE_STRIP = NO;
				DEBUG_INFORMATION_FORMAT = "dwarf-with-dsym";
				ENABLE_NS_ASSERTIONS = NO;
				ENABLE_STRICT_OBJC_MSGSEND = YES;
				GCC_C_LANGUAGE_STANDARD = gnu99;
				GCC_NO_COMMON_BLOCKS = YES;
				GCC_WARN_64_TO_32_BIT_CONVERSION = YES;
				GCC_WARN_ABOUT_RETURN_TYPE = YES_ERROR;
				GCC_WARN_UNDECLARED_SELECTOR = YES;
				GCC_WARN_UNINITIALIZED_AUTOS = YES_AGGRESSIVE;
				GCC_WARN_UNUSED_FUNCTION = YES;
				GCC_WARN_UNUSED_VARIABLE = YES;
				IPHONEOS_DEPLOYMENT_TARGET = 10.3;
				MTL_ENABLE_DEBUG_INFO = NO;
				SDKROOT = iphoneos;
				TARGETED_DEVICE_FAMILY = "1,2";
				VALIDATE_PRODUCT = YES;
			};
			name = Release;
		};
		E65AC3E41EEF9002005DA358 /* Debug */ = {
			isa = XCBuildConfiguration;
			buildSettings = {
				ASSETCATALOG_COMPILER_APPICON_NAME = AppIcon;
				INFOPLIST_FILE = SFDanmakuDemo/Info.plist;
				LD_RUNPATH_SEARCH_PATHS = "$(inherited) @executable_path/Frameworks";
				PRODUCT_BUNDLE_IDENTIFIER = "com.cnlive-lsf.SFDanmakuDemo";
				PRODUCT_NAME = "$(TARGET_NAME)";
			};
			name = Debug;
		};
		E65AC3E51EEF9002005DA358 /* Release */ = {
			isa = XCBuildConfiguration;
			buildSettings = {
				ASSETCATALOG_COMPILER_APPICON_NAME = AppIcon;
				INFOPLIST_FILE = SFDanmakuDemo/Info.plist;
				LD_RUNPATH_SEARCH_PATHS = "$(inherited) @executable_path/Frameworks";
				PRODUCT_BUNDLE_IDENTIFIER = "com.cnlive-lsf.SFDanmakuDemo";
				PRODUCT_NAME = "$(TARGET_NAME)";
			};
			name = Release;
		};
		E65AC3E71EEF9002005DA358 /* Debug */ = {
			isa = XCBuildConfiguration;
			buildSettings = {
				BUNDLE_LOADER = "$(TEST_HOST)";
				INFOPLIST_FILE = SFDanmakuDemoTests/Info.plist;
				LD_RUNPATH_SEARCH_PATHS = "$(inherited) @executable_path/Frameworks @loader_path/Frameworks";
				PRODUCT_BUNDLE_IDENTIFIER = "com.cnlive-lsf.SFDanmakuDemoTests";
				PRODUCT_NAME = "$(TARGET_NAME)";
				TEST_HOST = "$(BUILT_PRODUCTS_DIR)/SFDanmakuDemo.app/SFDanmakuDemo";
			};
			name = Debug;
		};
		E65AC3E81EEF9002005DA358 /* Release */ = {
			isa = XCBuildConfiguration;
			buildSettings = {
				BUNDLE_LOADER = "$(TEST_HOST)";
				INFOPLIST_FILE = SFDanmakuDemoTests/Info.plist;
				LD_RUNPATH_SEARCH_PATHS = "$(inherited) @executable_path/Frameworks @loader_path/Frameworks";
				PRODUCT_BUNDLE_IDENTIFIER = "com.cnlive-lsf.SFDanmakuDemoTests";
				PRODUCT_NAME = "$(TARGET_NAME)";
				TEST_HOST = "$(BUILT_PRODUCTS_DIR)/SFDanmakuDemo.app/SFDanmakuDemo";
			};
			name = Release;
		};
		E65AC3EA1EEF9002005DA358 /* Debug */ = {
			isa = XCBuildConfiguration;
			buildSettings = {
				INFOPLIST_FILE = SFDanmakuDemoUITests/Info.plist;
				LD_RUNPATH_SEARCH_PATHS = "$(inherited) @executable_path/Frameworks @loader_path/Frameworks";
				PRODUCT_BUNDLE_IDENTIFIER = "com.cnlive-lsf.SFDanmakuDemoUITests";
				PRODUCT_NAME = "$(TARGET_NAME)";
				TEST_TARGET_NAME = SFDanmakuDemo;
			};
			name = Debug;
		};
		E65AC3EB1EEF9002005DA358 /* Release */ = {
			isa = XCBuildConfiguration;
			buildSettings = {
				INFOPLIST_FILE = SFDanmakuDemoUITests/Info.plist;
				LD_RUNPATH_SEARCH_PATHS = "$(inherited) @executable_path/Frameworks @loader_path/Frameworks";
				PRODUCT_BUNDLE_IDENTIFIER = "com.cnlive-lsf.SFDanmakuDemoUITests";
				PRODUCT_NAME = "$(TARGET_NAME)";
				TEST_TARGET_NAME = SFDanmakuDemo;
			};
			name = Release;
		};
/* End XCBuildConfiguration section */

/* Begin XCConfigurationList section */
		E65AC3B11EEF9002005DA358 /* Build configuration list for PBXProject "SFDanmakuDemo" */ = {
			isa = XCConfigurationList;
			buildConfigurations = (
				E65AC3E11EEF9002005DA358 /* Debug */,
				E65AC3E21EEF9002005DA358 /* Release */,
			);
			defaultConfigurationIsVisible = 0;
			defaultConfigurationName = Release;
		};
		E65AC3E31EEF9002005DA358 /* Build configuration list for PBXNativeTarget "SFDanmakuDemo" */ = {
			isa = XCConfigurationList;
			buildConfigurations = (
				E65AC3E41EEF9002005DA358 /* Debug */,
				E65AC3E51EEF9002005DA358 /* Release */,
			);
			defaultConfigurationIsVisible = 0;
			defaultConfigurationName = Release;
		};
		E65AC3E61EEF9002005DA358 /* Build configuration list for PBXNativeTarget "SFDanmakuDemoTests" */ = {
			isa = XCConfigurationList;
			buildConfigurations = (
				E65AC3E71EEF9002005DA358 /* Debug */,
				E65AC3E81EEF9002005DA358 /* Release */,
			);
			defaultConfigurationIsVisible = 0;
			defaultConfigurationName = Release;
		};
		E65AC3E91EEF9002005DA358 /* Build configuration list for PBXNativeTarget "SFDanmakuDemoUITests" */ = {
			isa = XCConfigurationList;
			buildConfigurations = (
				E65AC3EA1EEF9002005DA358 /* Debug */,
				E65AC3EB1EEF9002005DA358 /* Release */,
			);
			defaultConfigurationIsVisible = 0;
			defaultConfigurationName = Release;
		};
/* End XCConfigurationList section */
	};
	rootObject = E65AC3AE1EEF9002005DA358 /* Project object */;
}
